Microsoft Visual Studio Solution File, Format Version 12.00
# Visual Studio Version 17
VisualStudioVersion = 17.8.34330.188
MinimumVisualStudioVersion = 10.0.40219.1
Project("{FAE04EC0-301F-11D3-BF4B-00C04F79EFBC}") = "VibeProxy.Linux", "src\\VibeProxy.Linux\\VibeProxy.Linux.csproj", "{2C2F5B5D-7E3F-4D35-9B3C-994A35B9F2D7}"
EndProject
Project("{FAE04EC0-301F-11D3-BF4B-00C04F79EFBC}") = "VibeProxy.Linux.Tests", "tests\\VibeProxy.Linux.Tests\\VibeProxy.Linux.Tests.csproj", "{B1CB2A0E-3C0E-4BC6-9D6D-9D6F9D0AFA1E}"
EndProject
Global
	GlobalSection(SolutionConfigurationPlatforms) = preSolution
		Debug|Any CPU = Debug|Any CPU
		Release|Any CPU = Release|Any CPU
	EndGlobalSection
	GlobalSection(ProjectConfigurationPlatforms) = postSolution
		{2C2F5B5D-7E3F-4D35-9B3C-994A35B9F2D7}.Debug|Any CPU.ActiveCfg = Debug|Any CPU
		{2C2F5B5D-7E3F-4D35-9B3C-994A35B9F2D7}.Debug|Any CPU.Build.0 = Debug|Any CPU
		{2C2F5B5D-7E3F-4D35-9B3C-994A35B9F2D7}.Release|Any CPU.ActiveCfg = Release|Any CPU
		{2C2F5B5D-7E3F-4D35-9B3C-994A35B9F2D7}.Release|Any CPU.Build.0 = Release|Any CPU
		{B1CB2A0E-3C0E-4BC6-9D6D-9D6F9D0AFA1E}.Debug|Any CPU.ActiveCfg = Debug|Any CPU
		{B1CB2A0E-3C0E-4BC6-9D6D-9D6F9D0AFA1E}.Debug|Any CPU.Build.0 = Debug|Any CPU
		{B1CB2A0E-3C0E-4BC6-9D6D-9D6F9D0AFA1E}.Release|Any CPU.ActiveCfg = Release|Any CPU
		{B1CB2A0E-3C0E-4BC6-9D6D-9D6F9D0AFA1E}.Release|Any CPU.Build.0 = Release|Any CPU
	EndGlobalSection
	GlobalSection(SolutionProperties) = preSolution
		HideSolutionNode = FALSE
	EndGlobalSection
	GlobalSection(ExtensibilityGlobals) = postSolution
		SolutionGuid = {4B9B9674-3CE3-49A7-9B62-40B5E1E8EFC3}
	EndGlobalSection
EndGlobal
